// !$*UTF8*$!
{
	archiveVersion = 1;
	classes = {
	};
	objectVersion = 51;
	objects = {

/* Begin PBXBuildFile section */
		260758EE25E41027009B37B7 /* SplashViewController.swift in Sources */ = {isa = PBXBuildFile; fileRef = 260758ED25E41027009B37B7 /* SplashViewController.swift */; };
		260759F525E58EB6009B37B7 /* SplitViewController.swift in Sources */ = {isa = PBXBuildFile; fileRef = 260759F425E58EB6009B37B7 /* SplitViewController.swift */; };
		262CAC1125E28C0F00B069C2 /* Header.swift in Sources */ = {isa = PBXBuildFile; fileRef = 262CAC1025E28C0F00B069C2 /* Header.swift */; };
		26C5AE3725E1EDC100835121 /* AppDelegate.swift in Sources */ = {isa = PBXBuildFile; fileRef = 26C5AE3625E1EDC100835121 /* AppDelegate.swift */; };
		26C5AE3925E1EDC100835121 /* SceneDelegate.swift in Sources */ = {isa = PBXBuildFile; fileRef = 26C5AE3825E1EDC100835121 /* SceneDelegate.swift */; };
		26C5AE3B25E1EDC100835121 /* ViewController.swift in Sources */ = {isa = PBXBuildFile; fileRef = 26C5AE3A25E1EDC100835121 /* ViewController.swift */; };
		26C5AE3E25E1EDC100835121 /* Main.storyboard in Resources */ = {isa = PBXBuildFile; fileRef = 26C5AE3C25E1EDC100835121 /* Main.storyboard */; };
		26C5AE4025E1EDC500835121 /* Assets.xcassets in Resources */ = {isa = PBXBuildFile; fileRef = 26C5AE3F25E1EDC500835121 /* Assets.xcassets */; };
		26C5AE5225E1EE9300835121 /* MovieAPI.swift in Sources */ = {isa = PBXBuildFile; fileRef = 26C5AE5025E1EE9300835121 /* MovieAPI.swift */; };
		26C5AE5325E1EE9300835121 /* Constants.swift in Sources */ = {isa = PBXBuildFile; fileRef = 26C5AE5125E1EE9300835121 /* Constants.swift */; };
		26C5AE6525E1F97C00835121 /* CollectionViewCell.swift in Sources */ = {isa = PBXBuildFile; fileRef = 26C5AE6325E1F97C00835121 /* CollectionViewCell.swift */; };
		26C5AE6625E1F97C00835121 /* CollectionViewCell.xib in Resources */ = {isa = PBXBuildFile; fileRef = 26C5AE6425E1F97C00835121 /* CollectionViewCell.xib */; };
		26C5AE9E25E268A600835121 /* MovieDetailVc.swift in Sources */ = {isa = PBXBuildFile; fileRef = 26C5AE9D25E268A600835121 /* MovieDetailVc.swift */; };
		612B93E0E4C9CE913ED89125 /* Pods_Final_Coll.framework in Frameworks */ = {isa = PBXBuildFile; fileRef = 4DE0FEDC2ACF6AB0F33EDD20 /* Pods_Final_Coll.framework */; };
/* End PBXBuildFile section */

/* Begin PBXFileReference section */
		0168791307D1E4D2116EECEF /* Pods-Final-Coll.release.xcconfig */ = {isa = PBXFileReference; includeInIndex = 1; lastKnownFileType = text.xcconfig; name = "Pods-Final-Coll.release.xcconfig"; path = "Target Support Files/Pods-Final-Coll/Pods-Final-Coll.release.xcconfig"; sourceTree = "<group>"; };
		260758ED25E41027009B37B7 /* SplashViewController.swift */ = {isa = PBXFileReference; lastKnownFileType = sourcecode.swift; path = SplashViewController.swift; sourceTree = "<group>"; };
		260759F425E58EB6009B37B7 /* SplitViewController.swift */ = {isa = PBXFileReference; lastKnownFileType = sourcecode.swift; path = SplitViewController.swift; sourceTree = "<group>"; };
		262CAC1025E28C0F00B069C2 /* Header.swift */ = {isa = PBXFileReference; lastKnownFileType = sourcecode.swift; path = Header.swift; sourceTree = "<group>"; };
		26C5AE3325E1EDC100835121 /* Final-Coll.app */ = {isa = PBXFileReference; explicitFileType = wrapper.application; includeInIndex = 0; path = "Final-Coll.app"; sourceTree = BUILT_PRODUCTS_DIR; };
		26C5AE3625E1EDC100835121 /* AppDelegate.swift */ = {isa = PBXFileReference; lastKnownFileType = sourcecode.swift; path = AppDelegate.swift; sourceTree = "<group>"; };
		26C5AE3825E1EDC100835121 /* SceneDelegate.swift */ = {isa = PBXFileReference; lastKnownFileType = sourcecode.swift; path = SceneDelegate.swift; sourceTree = "<group>"; };
		26C5AE3A25E1EDC100835121 /* ViewController.swift */ = {isa = PBXFileReference; lastKnownFileType = sourcecode.swift; path = ViewController.swift; sourceTree = "<group>"; };
		26C5AE3D25E1EDC100835121 /* Base */ = {isa = PBXFileReference; lastKnownFileType = file.storyboard; name = Base; path = Base.lproj/Main.storyboard; sourceTree = "<group>"; };
		26C5AE3F25E1EDC500835121 /* Assets.xcassets */ = {isa = PBXFileReference; lastKnownFileType = folder.assetcatalog; path = Assets.xcassets; sourceTree = "<group>"; };
		26C5AE4425E1EDC500835121 /* Info.plist */ = {isa = PBXFileReference; lastKnownFileType = text.plist.xml; path = Info.plist; sourceTree = "<group>"; };
		26C5AE5025E1EE9300835121 /* MovieAPI.swift */ = {isa = PBXFileReference; fileEncoding = 4; lastKnownFileType = sourcecode.swift; path = MovieAPI.swift; sourceTree = "<group>"; };
		26C5AE5125E1EE9300835121 /* Constants.swift */ = {isa = PBXFileReference; fileEncoding = 4; lastKnownFileType = sourcecode.swift; path = Constants.swift; sourceTree = "<group>"; };
		26C5AE6325E1F97C00835121 /* CollectionViewCell.swift */ = {isa = PBXFileReference; lastKnownFileType = sourcecode.swift; path = CollectionViewCell.swift; sourceTree = "<group>"; };
		26C5AE6425E1F97C00835121 /* CollectionViewCell.xib */ = {isa = PBXFileReference; lastKnownFileType = file.xib; path = CollectionViewCell.xib; sourceTree = "<group>"; };
		26C5AE9D25E268A600835121 /* MovieDetailVc.swift */ = {isa = PBXFileReference; lastKnownFileType = sourcecode.swift; path = MovieDetailVc.swift; sourceTree = "<group>"; };
		4DE0FEDC2ACF6AB0F33EDD20 /* Pods_Final_Coll.framework */ = {isa = PBXFileReference; explicitFileType = wrapper.framework; includeInIndex = 0; path = Pods_Final_Coll.framework; sourceTree = BUILT_PRODUCTS_DIR; };
		C975DFD71631F42A0FD622CB /* Pods-Final-Coll.debug.xcconfig */ = {isa = PBXFileReference; includeInIndex = 1; lastKnownFileType = text.xcconfig; name = "Pods-Final-Coll.debug.xcconfig"; path = "Target Support Files/Pods-Final-Coll/Pods-Final-Coll.debug.xcconfig"; sourceTree = "<group>"; };
/* End PBXFileReference section */

/* Begin PBXFrameworksBuildPhase section */
		26C5AE3025E1EDC100835121 /* Frameworks */ = {
			isa = PBXFrameworksBuildPhase;
			buildActionMask = 2147483647;
			files = (
				612B93E0E4C9CE913ED89125 /* Pods_Final_Coll.framework in Frameworks */,
			);
			runOnlyForDeploymentPostprocessing = 0;
		};
/* End PBXFrameworksBuildPhase section */

/* Begin PBXGroup section */
		26C5AE2A25E1EDC100835121 = {
			isa = PBXGroup;
			children = (
				26C5AE3525E1EDC100835121 /* Final-Coll */,
				26C5AE3425E1EDC100835121 /* Products */,
				D394672E8E5C0E6A13995BFB /* Pods */,
				D0B1ACA03607575219F20084 /* Frameworks */,
			);
			sourceTree = "<group>";
		};
		26C5AE3425E1EDC100835121 /* Products */ = {
			isa = PBXGroup;
			children = (
				26C5AE3325E1EDC100835121 /* Final-Coll.app */,
			);
			name = Products;
			sourceTree = "<group>";
		};
		26C5AE3525E1EDC100835121 /* Final-Coll */ = {
			isa = PBXGroup;
			children = (
				26C5AE4D25E1EDDD00835121 /* Model */,
				26C5AE5825E1F2AF00835121 /* Controllers */,
				26C5AEA125E268B800835121 /* Cells */,
				26C5AE3625E1EDC100835121 /* AppDelegate.swift */,
				26C5AE3825E1EDC100835121 /* SceneDelegate.swift */,
				26C5AE3C25E1EDC100835121 /* Main.storyboard */,
				26C5AE3F25E1EDC500835121 /* Assets.xcassets */,
				26C5AE4425E1EDC500835121 /* Info.plist */,
			);
			path = "Final-Coll";
			sourceTree = "<group>";
		};
		26C5AE4D25E1EDDD00835121 /* Model */ = {
			isa = PBXGroup;
			children = (
				26C5AE5125E1EE9300835121 /* Constants.swift */,
				26C5AE5025E1EE9300835121 /* MovieAPI.swift */,
			);
			path = Model;
			sourceTree = "<group>";
		};
		26C5AE5825E1F2AF00835121 /* Controllers */ = {
			isa = PBXGroup;
			children = (
				26C5AE9D25E268A600835121 /* MovieDetailVc.swift */,
				26C5AE3A25E1EDC100835121 /* ViewController.swift */,
				260759F425E58EB6009B37B7 /* SplitViewController.swift */,
				260758ED25E41027009B37B7 /* SplashViewController.swift */,
			);
			path = Controllers;
			sourceTree = "<group>";
		};
		26C5AEA125E268B800835121 /* Cells */ = {
			isa = PBXGroup;
			children = (
				262CAC1025E28C0F00B069C2 /* Header.swift */,
				26C5AE6325E1F97C00835121 /* CollectionViewCell.swift */,
				26C5AE6425E1F97C00835121 /* CollectionViewCell.xib */,
			);
			path = Cells;
			sourceTree = "<group>";
		};
		D0B1ACA03607575219F20084 /* Frameworks */ = {
			isa = PBXGroup;
			children = (
				4DE0FEDC2ACF6AB0F33EDD20 /* Pods_Final_Coll.framework */,
			);
			name = Frameworks;
			sourceTree = "<group>";
		};
		D394672E8E5C0E6A13995BFB /* Pods */ = {
			isa = PBXGroup;
			children = (
				C975DFD71631F42A0FD622CB /* Pods-Final-Coll.debug.xcconfig */,
				0168791307D1E4D2116EECEF /* Pods-Final-Coll.release.xcconfig */,
			);
			path = Pods;
			sourceTree = "<group>";
		};
/* End PBXGroup section */

/* Begin PBXNativeTarget section */
		26C5AE3225E1EDC100835121 /* Final-Coll */ = {
			isa = PBXNativeTarget;
			buildConfigurationList = 26C5AE4725E1EDC500835121 /* Build configuration list for PBXNativeTarget "Final-Coll" */;
			buildPhases = (
				AB7E4F5EEB000873A059EAB7 /* [CP] Check Pods Manifest.lock */,
				26C5AE2F25E1EDC100835121 /* Sources */,
				26C5AE3025E1EDC100835121 /* Frameworks */,
				26C5AE3125E1EDC100835121 /* Resources */,
				25A32130E856F40A3481429F /* [CP] Embed Pods Frameworks */,
			);
			buildRules = (
			);
			dependencies = (
			);
			name = "Final-Coll";
			productName = "Final-Coll";
			productReference = 26C5AE3325E1EDC100835121 /* Final-Coll.app */;
			productType = "com.apple.product-type.application";
		};
/* End PBXNativeTarget section */

/* Begin PBXProject section */
		26C5AE2B25E1EDC100835121 /* Project object */ = {
			isa = PBXProject;
			attributes = {
				LastSwiftUpdateCheck = 1240;
				LastUpgradeCheck = 1240;
				TargetAttributes = {
					26C5AE3225E1EDC100835121 = {
						CreatedOnToolsVersion = 12.4;
					};
				};
			};
			buildConfigurationList = 26C5AE2E25E1EDC100835121 /* Build configuration list for PBXProject "Final-Coll" */;
			compatibilityVersion = "Xcode 9.3";
			developmentRegion = en;
			hasScannedForEncodings = 0;
			knownRegions = (
				en,
				Base,
			);
			mainGroup = 26C5AE2A25E1EDC100835121;
			productRefGroup = 26C5AE3425E1EDC100835121 /* Products */;
			projectDirPath = "";
			projectRoot = "";
			targets = (
				26C5AE3225E1EDC100835121 /* Final-Coll */,
			);
		};
/* End PBXProject section */

/* Begin PBXResourcesBuildPhase section */
		26C5AE3125E1EDC100835121 /* Resources */ = {
			isa = PBXResourcesBuildPhase;
			buildActionMask = 2147483647;
			files = (
				26C5AE4025E1EDC500835121 /* Assets.xcassets in Resources */,
				26C5AE3E25E1EDC100835121 /* Main.storyboard in Resources */,
				26C5AE6625E1F97C00835121 /* CollectionViewCell.xib in Resources */,
			);
			runOnlyForDeploymentPostprocessing = 0;
		};
/* End PBXResourcesBuildPhase section */

/* Begin PBXShellScriptBuildPhase section */
		25A32130E856F40A3481429F /* [CP] Embed Pods Frameworks */ = {
			isa = PBXShellScriptBuildPhase;
			buildActionMask = 2147483647;
			files = (
			);
			inputFileListPaths = (
				"${PODS_ROOT}/Target Support Files/Pods-Final-Coll/Pods-Final-Coll-frameworks-${CONFIGURATION}-input-files.xcfilelist",
			);
			name = "[CP] Embed Pods Frameworks";
			outputFileListPaths = (
				"${PODS_ROOT}/Target Support Files/Pods-Final-Coll/Pods-Final-Coll-frameworks-${CONFIGURATION}-output-files.xcfilelist",
			);
			runOnlyForDeploymentPostprocessing = 0;
			shellPath = /bin/sh;
			shellScript = "\"${PODS_ROOT}/Target Support Files/Pods-Final-Coll/Pods-Final-Coll-frameworks.sh\"\n";
			showEnvVarsInLog = 0;
		};
		AB7E4F5EEB000873A059EAB7 /* [CP] Check Pods Manifest.lock */ = {
			isa = PBXShellScriptBuildPhase;
			buildActionMask = 2147483647;
			files = (
			);
			inputFileListPaths = (
			);
			inputPaths = (
				"${PODS_PODFILE_DIR_PATH}/Podfile.lock",
				"${PODS_ROOT}/Manifest.lock",
			);
			name = "[CP] Check Pods Manifest.lock";
			outputFileListPaths = (
			);
			outputPaths = (
				"$(DERIVED_FILE_DIR)/Pods-Final-Coll-checkManifestLockResult.txt",
			);
			runOnlyForDeploymentPostprocessing = 0;
			shellPath = /bin/sh;
			shellScript = "diff \"${PODS_PODFILE_DIR_PATH}/Podfile.lock\" \"${PODS_ROOT}/Manifest.lock\" > /dev/null\nif [ $? != 0 ] ; then\n    # print error to STDERR\n    echo \"error: The sandbox is not in sync with the Podfile.lock. Run 'pod install' or update your CocoaPods installation.\" >&2\n    exit 1\nfi\n# This output is used by Xcode 'outputs' to avoid re-running this script phase.\necho \"SUCCESS\" > \"${SCRIPT_OUTPUT_FILE_0}\"\n";
			showEnvVarsInLog = 0;
		};
/* End PBXShellScriptBuildPhase section */

/* Begin PBXSourcesBuildPhase section */
		26C5AE2F25E1EDC100835121 /* Sources */ = {
			isa = PBXSourcesBuildPhase;
			buildActionMask = 2147483647;
			files = (
				26C5AE5325E1EE9300835121 /* Constants.swift in Sources */,
				262CAC1125E28C0F00B069C2 /* Header.swift in Sources */,
				26C5AE9E25E268A600835121 /* MovieDetailVc.swift in Sources */,
				260758EE25E41027009B37B7 /* SplashViewController.swift in Sources */,
				26C5AE3B25E1EDC100835121 /* ViewController.swift in Sources */,
				260759F525E58EB6009B37B7 /* SplitViewController.swift in Sources */,
				26C5AE6525E1F97C00835121 /* CollectionViewCell.swift in Sources */,
				26C5AE3725E1EDC100835121 /* AppDelegate.swift in Sources */,
				26C5AE3925E1EDC100835121 /* SceneDelegate.swift in Sources */,
				26C5AE5225E1EE9300835121 /* MovieAPI.swift in Sources */,
			);
			runOnlyForDeploymentPostprocessing = 0;
		};
/* End PBXSourcesBuildPhase section */

/* Begin PBXVariantGroup section */
		26C5AE3C25E1EDC100835121 /* Main.storyboard */ = {
			isa = PBXVariantGroup;
			children = (
				26C5AE3D25E1EDC100835121 /* Base */,
			);
			name = Main.storyboard;
			sourceTree = "<group>";
		};
/* End PBXVariantGroup section */

/* Begin XCBuildConfiguration section */
		26C5AE4525E1EDC500835121 /* Debug */ = {
			isa = XCBuildConfiguration;
			buildSettings = {
				ALWAYS_SEARCH_USER_PATHS = NO;
				CLANG_ANALYZER_NONNULL = YES;
				CLANG_ANALYZER_NUMBER_OBJECT_CONVERSION = YES_AGGRESSIVE;
				CLANG_CXX_LANGUAGE_STANDARD = "gnu++14";
				CLANG_CXX_LIBRARY = "libc++";
				CLANG_ENABLE_MODULES = YES;
				CLANG_ENABLE_OBJC_ARC = YES;
				CLANG_ENABLE_OBJC_WEAK = YES;
				CLANG_WARN_BLOCK_CAPTURE_AUTORELEASING = YES;
				CLANG_WARN_BOOL_CONVERSION = YES;
				CLANG_WARN_COMMA = YES;
				CLANG_WARN_CONSTANT_CONVERSION = YES;
				CLANG_WARN_DEPRECATED_OBJC_IMPLEMENTATIONS = YES;
				CLANG_WARN_DIRECT_OBJC_ISA_USAGE = YES_ERROR;
				CLANG_WARN_DOCUMENTATION_COMMENTS = YES;
				CLANG_WARN_EMPTY_BODY = YES;
				CLANG_WARN_ENUM_CONVERSION = YES;
				CLANG_WARN_INFINITE_RECURSION = YES;
				CLANG_WARN_INT_CONVERSION = YES;
				CLANG_WARN_NON_LITERAL_NULL_CONVERSION = YES;
				CLANG_WARN_OBJC_IMPLICIT_RETAIN_SELF = YES;
				CLANG_WARN_OBJC_LITERAL_CONVERSION = YES;
				CLANG_WARN_OBJC_ROOT_CLASS = YES_ERROR;
				CLANG_WARN_QUOTED_INCLUDE_IN_FRAMEWORK_HEADER = YES;
				CLANG_WARN_RANGE_LOOP_ANALYSIS = YES;
				CLANG_WARN_STRICT_PROTOTYPES = YES;
				CLANG_WARN_SUSPICIOUS_MOVE = YES;
				CLANG_WARN_UNGUARDED_AVAILABILITY = YES_AGGRESSIVE;
				CLANG_WARN_UNREACHABLE_CODE = YES;
				CLANG_WARN__DUPLICATE_METHOD_MATCH = YES;
				COPY_PHASE_STRIP = NO;
				DEBUG_INFORMATION_FORMAT = dwarf;
				ENABLE_STRICT_OBJC_MSGSEND = YES;
				ENABLE_TESTABILITY = YES;
				GCC_C_LANGUAGE_STANDARD = gnu11;
				GCC_DYNAMIC_NO_PIC = NO;
				GCC_NO_COMMON_BLOCKS = YES;
				GCC_OPTIMIZATION_LEVEL = 0;
				GCC_PREPROCESSOR_DEFINITIONS = (
					"DEBUG=1",
					"$(inherited)",
				);
				GCC_WARN_64_TO_32_BIT_CONVERSION = YES;
				GCC_WARN_ABOUT_RETURN_TYPE = YES_ERROR;
				GCC_WARN_UNDECLARED_SELECTOR = YES;
				GCC_WARN_UNINITIALIZED_AUTOS = YES_AGGRESSIVE;
				GCC_WARN_UNUSED_FUNCTION = YES;
				GCC_WARN_UNUSED_VARIABLE = YES;
				IPHONEOS_DEPLOYMENT_TARGET = 14.4;
				MTL_ENABLE_DEBUG_INFO = INCLUDE_SOURCE;
				MTL_FAST_MATH = YES;
				ONLY_ACTIVE_ARCH = YES;
				SDKROOT = iphoneos;
				SWIFT_ACTIVE_COMPILATION_CONDITIONS = DEBUG;
				SWIFT_OPTIMIZATION_LEVEL = "-Onone";
			};
			name = Debug;
		};
		26C5AE4625E1EDC500835121 /* Release */ = {
			isa = XCBuildConfiguration;
			buildSettings = {
				ALWAYS_SEARCH_USER_PATHS = NO;
				CLANG_ANALYZER_NONNULL = YES;
				CLANG_ANALYZER_NUMBER_OBJECT_CONVERSION = YES_AGGRESSIVE;
				CLANG_CXX_LANGUAGE_STANDARD = "gnu++14";
				CLANG_CXX_LIBRARY = "libc++";
				CLANG_ENABLE_MODULES = YES;
				CLANG_ENABLE_OBJC_ARC = YES;
				CLANG_ENABLE_OBJC_WEAK = YES;
				CLANG_WARN_BLOCK_CAPTURE_AUTORELEASING = YES;
				CLANG_WARN_BOOL_CONVERSION = YES;
				CLANG_WARN_COMMA = YES;
				CLANG_WARN_CONSTANT_CONVERSION = YES;
				CLANG_WARN_DEPRECATED_OBJC_IMPLEMENTATIONS = YES;
				CLANG_WARN_DIRECT_OBJC_ISA_USAGE = YES_ERROR;
				CLANG_WARN_DOCUMENTATION_COMMENTS = YES;
				CLANG_WARN_EMPTY_BODY = YES;
				CLANG_WARN_ENUM_CONVERSION = YES;
				CLANG_WARN_INFINITE_RECURSION = YES;
				CLANG_WARN_INT_CONVERSION = YES;
				CLANG_WARN_NON_LITERAL_NULL_CONVERSION = YES;
				CLANG_WARN_OBJC_IMPLICIT_RETAIN_SELF = YES;
				CLANG_WARN_OBJC_LITERAL_CONVERSION = YES;
				CLANG_WARN_OBJC_ROOT_CLASS = YES_ERROR;
				CLANG_WARN_QUOTED_INCLUDE_IN_FRAMEWORK_HEADER = YES;
				CLANG_WARN_RANGE_LOOP_ANALYSIS = YES;
				CLANG_WARN_STRICT_PROTOTYPES = YES;
				CLANG_WARN_SUSPICIOUS_MOVE = YES;
				CLANG_WARN_UNGUARDED_AVAILABILITY = YES_AGGRESSIVE;
				CLANG_WARN_UNREACHABLE_CODE = YES;
				CLANG_WARN__DUPLICATE_METHOD_MATCH = YES;
				COPY_PHASE_STRIP = NO;
				DEBUG_INFORMATION_FORMAT = "dwarf-with-dsym";
				ENABLE_NS_ASSERTIONS = NO;
				ENABLE_STRICT_OBJC_MSGSEND = YES;
				GCC_C_LANGUAGE_STANDARD = gnu11;
				GCC_NO_COMMON_BLOCKS = YES;
				GCC_WARN_64_TO_32_BIT_CONVERSION = YES;
				GCC_WARN_ABOUT_RETURN_TYPE = YES_ERROR;
				GCC_WARN_UNDECLARED_SELECTOR = YES;
				GCC_WARN_UNINITIALIZED_AUTOS = YES_AGGRESSIVE;
				GCC_WARN_UNUSED_FUNCTION = YES;
				GCC_WARN_UNUSED_VARIABLE = YES;
				IPHONEOS_DEPLOYMENT_TARGET = 14.4;
				MTL_ENABLE_DEBUG_INFO = NO;
				MTL_FAST_MATH = YES;
				SDKROOT = iphoneos;
				SWIFT_COMPILATION_MODE = wholemodule;
				SWIFT_OPTIMIZATION_LEVEL = "-O";
				VALIDATE_PRODUCT = YES;
			};
			name = Release;
		};
		26C5AE4825E1EDC500835121 /* Debug */ = {
			isa = XCBuildConfiguration;
			baseConfigurationReference = C975DFD71631F42A0FD622CB /* Pods-Final-Coll.debug.xcconfig */;
			buildSettings = {
				ASSETCATALOG_COMPILER_APPICON_NAME = AppIcon;
				ASSETCATALOG_COMPILER_GLOBAL_ACCENT_COLOR_NAME = AccentColor;
				CODE_SIGN_STYLE = Automatic;
				DEVELOPMENT_TEAM = 92VYDS2Q8S;
				INFOPLIST_FILE = "Final-Coll/Info.plist";
				LD_RUNPATH_SEARCH_PATHS = (
					"$(inherited)",
					"@executable_path/Frameworks",
				);
				PRODUCT_BUNDLE_IDENTIFIER = "com.works.Final-Coll";
				PRODUCT_NAME = "$(TARGET_NAME)";
				SWIFT_VERSION = 5.0;
				TARGETED_DEVICE_FAMILY = "1,2";
			};
			name = Debug;
		};
		26C5AE4925E1EDC500835121 /* Release */ = {
			isa = XCBuildConfiguration;
			baseConfigurationReference = 0168791307D1E4D2116EECEF /* Pods-Final-Coll.release.xcconfig */;
			buildSettings = {
				ASSETCATALOG_COMPILER_APPICON_NAME = AppIcon;
				ASSETCATALOG_COMPILER_GLOBAL_ACCENT_COLOR_NAME = AccentColor;
				CODE_SIGN_STYLE = Automatic;
				DEVELOPMENT_TEAM = 92VYDS2Q8S;
				INFOPLIST_FILE = "Final-Coll/Info.plist";
				LD_RUNPATH_SEARCH_PATHS = (
					"$(inherited)",
					"@executable_path/Frameworks",
				);
				PRODUCT_BUNDLE_IDENTIFIER = "com.works.Final-Coll";
				PRODUCT_NAME = "$(TARGET_NAME)";
				SWIFT_VERSION = 5.0;
				TARGETED_DEVICE_FAMILY = "1,2";
			};
			name = Release;
		};
/* End XCBuildConfiguration section */

/* Begin XCConfigurationList section */
		26C5AE2E25E1EDC100835121 /* Build configuration list for PBXProject "Final-Coll" */ = {
			isa = XCConfigurationList;
			buildConfigurations = (
				26C5AE4525E1EDC500835121 /* Debug */,
				26C5AE4625E1EDC500835121 /* Release */,
			);
			defaultConfigurationIsVisible = 0;
			defaultConfigurationName = Release;
		};
		26C5AE4725E1EDC500835121 /* Build configuration list for PBXNativeTarget "Final-Coll" */ = {
			isa = XCConfigurationList;
			buildConfigurations = (
				26C5AE4825E1EDC500835121 /* Debug */,
				26C5AE4925E1EDC500835121 /* Release */,
			);
			defaultConfigurationIsVisible = 0;
			defaultConfigurationName = Release;
		};
/* End XCConfigurationList section */
	};
	rootObject = 26C5AE2B25E1EDC100835121 /* Project object */;
}
